
Microsoft Visual Studio Solution File, Format Version 12.00
# Visual Studio Version 17
VisualStudioVersion = 17.6.33723.286
MinimumVisualStudioVersion = 10.0.40219.1
Project("{FAE04EC0-301F-11D3-BF4B-00C04F79EFBC}") = "TravelPlatform", "TravelPlatform\TravelPlatform.csproj", "{1BABF36D-AB80-4D16-A903-02C9476AF5EF}"
EndProject
Global
	GlobalSection(SolutionConfigurationPlatforms) = preSolution
		Debug|Any CPU = Debug|Any CPU
		Release|Any CPU = Release|Any CPU
	EndGlobalSection
	GlobalSection(ProjectConfigurationPlatforms) = postSolution
		{1BABF36D-AB80-4D16-A903-02C9476AF5EF}.Debug|Any CPU.ActiveCfg = Debug|Any CPU
		{1BABF36D-AB80-4D16-A903-02C9476AF5EF}.Debug|Any CPU.Build.0 = Debug|Any CPU
		{1BABF36D-AB80-4D16-A903-02C9476AF5EF}.Release|Any CPU.ActiveCfg = Release|Any CPU
		{1BABF36D-AB80-4D16-A903-02C9476AF5EF}.Release|Any CPU.Build.0 = Release|Any CPU
	EndGlobalSection
	GlobalSection(SolutionProperties) = preSolution
		HideSolutionNode = FALSE
	EndGlobalSection
	GlobalSection(ExtensibilityGlobals) = postSolution
		SolutionGuid = {4CEDBD27-CF49-4F7A-B094-5C40E2F2987A}
	EndGlobalSection
EndGlobal
